// !$*UTF8*$!
{
	archiveVersion = 1;
	classes = {
	};
	objectVersion = 46;
	objects = {

/* Begin PBXBuildFile section */
		5339DCA617FB25EC000AC456 /* Foundation.framework in Frameworks */ = {isa = PBXBuildFile; fileRef = 5339DCA517FB25EC000AC456 /* Foundation.framework */; };
		5339DCA817FB25EC000AC456 /* CoreGraphics.framework in Frameworks */ = {isa = PBXBuildFile; fileRef = 5339DCA717FB25EC000AC456 /* CoreGraphics.framework */; };
		5339DCAA17FB25EC000AC456 /* UIKit.framework in Frameworks */ = {isa = PBXBuildFile; fileRef = 5339DCA917FB25EC000AC456 /* UIKit.framework */; };
		5339DCB017FB25EC000AC456 /* InfoPlist.strings in Resources */ = {isa = PBXBuildFile; fileRef = 5339DCAE17FB25EC000AC456 /* InfoPlist.strings */; };
		5339DCB217FB25EC000AC456 /* main.m in Sources */ = {isa = PBXBuildFile; fileRef = 5339DCB117FB25EC000AC456 /* main.m */; };
		5339DCB617FB25EC000AC456 /* AppDelegate.m in Sources */ = {isa = PBXBuildFile; fileRef = 5339DCB517FB25EC000AC456 /* AppDelegate.m */; };
		5339DCB917FB25EC000AC456 /* Main.storyboard in Resources */ = {isa = PBXBuildFile; fileRef = 5339DCB717FB25EC000AC456 /* Main.storyboard */; };
		5339DCBC17FB25EC000AC456 /* ViewController.m in Sources */ = {isa = PBXBuildFile; fileRef = 5339DCBB17FB25EC000AC456 /* ViewController.m */; };
		5339DCBE17FB25EC000AC456 /* Images.xcassets in Resources */ = {isa = PBXBuildFile; fileRef = 5339DCBD17FB25EC000AC456 /* Images.xcassets */; };
		5339DCC517FB25EC000AC456 /* XCTest.framework in Frameworks */ = {isa = PBXBuildFile; fileRef = 5339DCC417FB25EC000AC456 /* XCTest.framework */; };
		5339DCC617FB25EC000AC456 /* Foundation.framework in Frameworks */ = {isa = PBXBuildFile; fileRef = 5339DCA517FB25EC000AC456 /* Foundation.framework */; };
		5339DCC717FB25EC000AC456 /* UIKit.framework in Frameworks */ = {isa = PBXBuildFile; fileRef = 5339DCA917FB25EC000AC456 /* UIKit.framework */; };
		5339DCCF17FB25EC000AC456 /* InfoPlist.strings in Resources */ = {isa = PBXBuildFile; fileRef = 5339DCCD17FB25EC000AC456 /* InfoPlist.strings */; };
		5339DCD117FB25EC000AC456 /* OnOffButtonTests.m in Sources */ = {isa = PBXBuildFile; fileRef = 5339DCD017FB25EC000AC456 /* OnOffButtonTests.m */; };
/* End PBXBuildFile section */

/* Begin PBXContainerItemProxy section */
		5339DCC817FB25EC000AC456 /* PBXContainerItemProxy */ = {
			isa = PBXContainerItemProxy;
			containerPortal = 5339DC9A17FB25EC000AC456 /* Project object */;
			proxyType = 1;
			remoteGlobalIDString = 5339DCA117FB25EC000AC456;
			remoteInfo = OnOffButton;
		};
/* End PBXContainerItemProxy section */

/* Begin PBXFileReference section */
		5339DCA217FB25EC000AC456 /* OnOffButton.app */ = {isa = PBXFileReference; explicitFileType = wrapper.application; includeInIndex = 0; path = OnOffButton.app; sourceTree = BUILT_PRODUCTS_DIR; };
		5339DCA517FB25EC000AC456 /* Foundation.framework */ = {isa = PBXFileReference; lastKnownFileType = wrapper.framework; name = Foundation.framework; path = System/Library/Frameworks/Foundation.framework; sourceTree = SDKROOT; };
		5339DCA717FB25EC000AC456 /* CoreGraphics.framework */ = {isa = PBXFileReference; lastKnownFileType = wrapper.framework; name = CoreGraphics.framework; path = System/Library/Frameworks/CoreGraphics.framework; sourceTree = SDKROOT; };
		5339DCA917FB25EC000AC456 /* UIKit.framework */ = {isa = PBXFileReference; lastKnownFileType = wrapper.framework; name = UIKit.framework; path = System/Library/Frameworks/UIKit.framework; sourceTree = SDKROOT; };
		5339DCAD17FB25EC000AC456 /* OnOffButton-Info.plist */ = {isa = PBXFileReference; lastKnownFileType = text.plist.xml; path = "OnOffButton-Info.plist"; sourceTree = "<group>"; };
		5339DCAF17FB25EC000AC456 /* en */ = {isa = PBXFileReference; lastKnownFileType = text.plist.strings; name = en; path = en.lproj/InfoPlist.strings; sourceTree = "<group>"; };
		5339DCB117FB25EC000AC456 /* main.m */ = {isa = PBXFileReference; lastKnownFileType = sourcecode.c.objc; path = main.m; sourceTree = "<group>"; };
		5339DCB317FB25EC000AC456 /* OnOffButton-Prefix.pch */ = {isa = PBXFileReference; lastKnownFileType = sourcecode.c.h; path = "OnOffButton-Prefix.pch"; sourceTree = "<group>"; };
		5339DCB417FB25EC000AC456 /* AppDelegate.h */ = {isa = PBXFileReference; lastKnownFileType = sourcecode.c.h; path = AppDelegate.h; sourceTree = "<group>"; };
		5339DCB517FB25EC000AC456 /* AppDelegate.m */ = {isa = PBXFileReference; lastKnownFileType = sourcecode.c.objc; path = AppDelegate.m; sourceTree = "<group>"; };
		5339DCB817FB25EC000AC456 /* Base */ = {isa = PBXFileReference; lastKnownFileType = file.storyboard; name = Base; path = Base.lproj/Main.storyboard; sourceTree = "<group>"; };
		5339DCBA17FB25EC000AC456 /* ViewController.h */ = {isa = PBXFileReference; lastKnownFileType = sourcecode.c.h; path = ViewController.h; sourceTree = "<group>"; };
		5339DCBB17FB25EC000AC456 /* ViewController.m */ = {isa = PBXFileReference; lastKnownFileType = sourcecode.c.objc; path = ViewController.m; sourceTree = "<group>"; };
		5339DCBD17FB25EC000AC456 /* Images.xcassets */ = {isa = PBXFileReference; lastKnownFileType = folder.assetcatalog; path = Images.xcassets; sourceTree = "<group>"; };
		5339DCC317FB25EC000AC456 /* OnOffButtonTests.xctest */ = {isa = PBXFileReference; explicitFileType = wrapper.cfbundle; includeInIndex = 0; path = OnOffButtonTests.xctest; sourceTree = BUILT_PRODUCTS_DIR; };
		5339DCC417FB25EC000AC456 /* XCTest.framework */ = {isa = PBXFileReference; lastKnownFileType = wrapper.framework; name = XCTest.framework; path = Library/Frameworks/XCTest.framework; sourceTree = DEVELOPER_DIR; };
		5339DCCC17FB25EC000AC456 /* OnOffButtonTests-Info.plist */ = {isa = PBXFileReference; lastKnownFileType = text.plist.xml; path = "OnOffButtonTests-Info.plist"; sourceTree = "<group>"; };
		5339DCCE17FB25EC000AC456 /* en */ = {isa = PBXFileReference; lastKnownFileType = text.plist.strings; name = en; path = en.lproj/InfoPlist.strings; sourceTree = "<group>"; };
		5339DCD017FB25EC000AC456 /* OnOffButtonTests.m */ = {isa = PBXFileReference; lastKnownFileType = sourcecode.c.objc; path = OnOffButtonTests.m; sourceTree = "<group>"; };
/* End PBXFileReference section */

/* Begin PBXFrameworksBuildPhase section */
		5339DC9F17FB25EC000AC456 /* Frameworks */ = {
			isa = PBXFrameworksBuildPhase;
			buildActionMask = 2147483647;
			files = (
				5339DCA817FB25EC000AC456 /* CoreGraphics.framework in Frameworks */,
				5339DCAA17FB25EC000AC456 /* UIKit.framework in Frameworks */,
				5339DCA617FB25EC000AC456 /* Foundation.framework in Frameworks */,
			);
			runOnlyForDeploymentPostprocessing = 0;
		};
		5339DCC017FB25EC000AC456 /* Frameworks */ = {
			isa = PBXFrameworksBuildPhase;
			buildActionMask = 2147483647;
			files = (
				5339DCC517FB25EC000AC456 /* XCTest.framework in Frameworks */,
				5339DCC717FB25EC000AC456 /* UIKit.framework in Frameworks */,
				5339DCC617FB25EC000AC456 /* Foundation.framework in Frameworks */,
			);
			runOnlyForDeploymentPostprocessing = 0;
		};
/* End PBXFrameworksBuildPhase section */

/* Begin PBXGroup section */
		5339DC9917FB25EC000AC456 = {
			isa = PBXGroup;
			children = (
				5339DCAB17FB25EC000AC456 /* OnOffButton */,
				5339DCCA17FB25EC000AC456 /* OnOffButtonTests */,
				5339DCA417FB25EC000AC456 /* Frameworks */,
				5339DCA317FB25EC000AC456 /* Products */,
			);
			sourceTree = "<group>";
		};
		5339DCA317FB25EC000AC456 /* Products */ = {
			isa = PBXGroup;
			children = (
				5339DCA217FB25EC000AC456 /* OnOffButton.app */,
				5339DCC317FB25EC000AC456 /* OnOffButtonTests.xctest */,
			);
			name = Products;
			sourceTree = "<group>";
		};
		5339DCA417FB25EC000AC456 /* Frameworks */ = {
			isa = PBXGroup;
			children = (
				5339DCA517FB25EC000AC456 /* Foundation.framework */,
				5339DCA717FB25EC000AC456 /* CoreGraphics.framework */,
				5339DCA917FB25EC000AC456 /* UIKit.framework */,
				5339DCC417FB25EC000AC456 /* XCTest.framework */,
			);
			name = Frameworks;
			sourceTree = "<group>";
		};
		5339DCAB17FB25EC000AC456 /* OnOffButton */ = {
			isa = PBXGroup;
			children = (
				5339DCB417FB25EC000AC456 /* AppDelegate.h */,
				5339DCB517FB25EC000AC456 /* AppDelegate.m */,
				5339DCB717FB25EC000AC456 /* Main.storyboard */,
				5339DCBA17FB25EC000AC456 /* ViewController.h */,
				5339DCBB17FB25EC000AC456 /* ViewController.m */,
				5339DCBD17FB25EC000AC456 /* Images.xcassets */,
				5339DCAC17FB25EC000AC456 /* Supporting Files */,
			);
			path = OnOffButton;
			sourceTree = "<group>";
		};
		5339DCAC17FB25EC000AC456 /* Supporting Files */ = {
			isa = PBXGroup;
			children = (
				5339DCAD17FB25EC000AC456 /* OnOffButton-Info.plist */,
				5339DCAE17FB25EC000AC456 /* InfoPlist.strings */,
				5339DCB117FB25EC000AC456 /* main.m */,
				5339DCB317FB25EC000AC456 /* OnOffButton-Prefix.pch */,
			);
			name = "Supporting Files";
			sourceTree = "<group>";
		};
		5339DCCA17FB25EC000AC456 /* OnOffButtonTests */ = {
			isa = PBXGroup;
			children = (
				5339DCD017FB25EC000AC456 /* OnOffButtonTests.m */,
				5339DCCB17FB25EC000AC456 /* Supporting Files */,
			);
			path = OnOffButtonTests;
			sourceTree = "<group>";
		};
		5339DCCB17FB25EC000AC456 /* Supporting Files */ = {
			isa = PBXGroup;
			children = (
				5339DCCC17FB25EC000AC456 /* OnOffButtonTests-Info.plist */,
				5339DCCD17FB25EC000AC456 /* InfoPlist.strings */,
			);
			name = "Supporting Files";
			sourceTree = "<group>";
		};
/* End PBXGroup section */

/* Begin PBXNativeTarget section */
		5339DCA117FB25EC000AC456 /* OnOffButton */ = {
			isa = PBXNativeTarget;
			buildConfigurationList = 5339DCD417FB25EC000AC456 /* Build configuration list for PBXNativeTarget "OnOffButton" */;
			buildPhases = (
				5339DC9E17FB25EC000AC456 /* Sources */,
				5339DC9F17FB25EC000AC456 /* Frameworks */,
				5339DCA017FB25EC000AC456 /* Resources */,
			);
			buildRules = (
			);
			dependencies = (
			);
			name = OnOffButton;
			productName = OnOffButton;
			productReference = 5339DCA217FB25EC000AC456 /* OnOffButton.app */;
			productType = "com.apple.product-type.application";
		};
		5339DCC217FB25EC000AC456 /* OnOffButtonTests */ = {
			isa = PBXNativeTarget;
			buildConfigurationList = 5339DCD717FB25EC000AC456 /* Build configuration list for PBXNativeTarget "OnOffButtonTests" */;
			buildPhases = (
				5339DCBF17FB25EC000AC456 /* Sources */,
				5339DCC017FB25EC000AC456 /* Frameworks */,
				5339DCC117FB25EC000AC456 /* Resources */,
			);
			buildRules = (
			);
			dependencies = (
				5339DCC917FB25EC000AC456 /* PBXTargetDependency */,
			);
			name = OnOffButtonTests;
			productName = OnOffButtonTests;
			productReference = 5339DCC317FB25EC000AC456 /* OnOffButtonTests.xctest */;
			productType = "com.apple.product-type.bundle.unit-test";
		};
/* End PBXNativeTarget section */

/* Begin PBXProject section */
		5339DC9A17FB25EC000AC456 /* Project object */ = {
			isa = PBXProject;
			attributes = {
				LastUpgradeCheck = 0500;
				ORGANIZATIONNAME = "Misato Tina Alexandre";
				TargetAttributes = {
					5339DCC217FB25EC000AC456 = {
						TestTargetID = 5339DCA117FB25EC000AC456;
					};
				};
			};
			buildConfigurationList = 5339DC9D17FB25EC000AC456 /* Build configuration list for PBXProject "OnOffButton" */;
			compatibilityVersion = "Xcode 3.2";
			developmentRegion = English;
			hasScannedForEncodings = 0;
			knownRegions = (
				en,
				Base,
			);
			mainGroup = 5339DC9917FB25EC000AC456;
			productRefGroup = 5339DCA317FB25EC000AC456 /* Products */;
			projectDirPath = "";
			projectRoot = "";
			targets = (
				5339DCA117FB25EC000AC456 /* OnOffButton */,
				5339DCC217FB25EC000AC456 /* OnOffButtonTests */,
			);
		};
/* End PBXProject section */

/* Begin PBXResourcesBuildPhase section */
		5339DCA017FB25EC000AC456 /* Resources */ = {
			isa = PBXResourcesBuildPhase;
			buildActionMask = 2147483647;
			files = (
				5339DCBE17FB25EC000AC456 /* Images.xcassets in Resources */,
				5339DCB017FB25EC000AC456 /* InfoPlist.strings in Resources */,
				5339DCB917FB25EC000AC456 /* Main.storyboard in Resources */,
			);
			runOnlyForDeploymentPostprocessing = 0;
		};
		5339DCC117FB25EC000AC456 /* Resources */ = {
			isa = PBXResourcesBuildPhase;
			buildActionMask = 2147483647;
			files = (
				5339DCCF17FB25EC000AC456 /* InfoPlist.strings in Resources */,
			);
			runOnlyForDeploymentPostprocessing = 0;
		};
/* End PBXResourcesBuildPhase section */

/* Begin PBXSourcesBuildPhase section */
		5339DC9E17FB25EC000AC456 /* Sources */ = {
			isa = PBXSourcesBuildPhase;
			buildActionMask = 2147483647;
			files = (
				5339DCBC17FB25EC000AC456 /* ViewController.m in Sources */,
				5339DCB617FB25EC000AC456 /* AppDelegate.m in Sources */,
				5339DCB217FB25EC000AC456 /* main.m in Sources */,
			);
			runOnlyForDeploymentPostprocessing = 0;
		};
		5339DCBF17FB25EC000AC456 /* Sources */ = {
			isa = PBXSourcesBuildPhase;
			buildActionMask = 2147483647;
			files = (
				5339DCD117FB25EC000AC456 /* OnOffButtonTests.m in Sources */,
			);
			runOnlyForDeploymentPostprocessing = 0;
		};
/* End PBXSourcesBuildPhase section */

/* Begin PBXTargetDependency section */
		5339DCC917FB25EC000AC456 /* PBXTargetDependency */ = {
			isa = PBXTargetDependency;
			target = 5339DCA117FB25EC000AC456 /* OnOffButton */;
			targetProxy = 5339DCC817FB25EC000AC456 /* PBXContainerItemProxy */;
		};
/* End PBXTargetDependency section */

/* Begin PBXVariantGroup section */
		5339DCAE17FB25EC000AC456 /* InfoPlist.strings */ = {
			isa = PBXVariantGroup;
			children = (
				5339DCAF17FB25EC000AC456 /* en */,
			);
			name = InfoPlist.strings;
			sourceTree = "<group>";
		};
		5339DCB717FB25EC000AC456 /* Main.storyboard */ = {
			isa = PBXVariantGroup;
			children = (
				5339DCB817FB25EC000AC456 /* Base */,
			);
			name = Main.storyboard;
			sourceTree = "<group>";
		};
		5339DCCD17FB25EC000AC456 /* InfoPlist.strings */ = {
			isa = PBXVariantGroup;
			children = (
				5339DCCE17FB25EC000AC456 /* en */,
			);
			name = InfoPlist.strings;
			sourceTree = "<group>";
		};
/* End PBXVariantGroup section */

/* Begin XCBuildConfiguration section */
		5339DCD217FB25EC000AC456 /* Debug */ = {
			isa = XCBuildConfiguration;
			buildSettings = {
				ALWAYS_SEARCH_USER_PATHS = NO;
				CLANG_CXX_LANGUAGE_STANDARD = "gnu++0x";
				CLANG_CXX_LIBRARY = "libc++";
				CLANG_ENABLE_MODULES = YES;
				CLANG_ENABLE_OBJC_ARC = YES;
				CLANG_WARN_BOOL_CONVERSION = YES;
				CLANG_WARN_CONSTANT_CONVERSION = YES;
				CLANG_WARN_DIRECT_OBJC_ISA_USAGE = YES_ERROR;
				CLANG_WARN_EMPTY_BODY = YES;
				CLANG_WARN_ENUM_CONVERSION = YES;
				CLANG_WARN_INT_CONVERSION = YES;
				CLANG_WARN_OBJC_ROOT_CLASS = YES_ERROR;
				CLANG_WARN__DUPLICATE_METHOD_MATCH = YES;
				"CODE_SIGN_IDENTITY[sdk=iphoneos*]" = "iPhone Developer";
				COPY_PHASE_STRIP = NO;
				GCC_C_LANGUAGE_STANDARD = gnu99;
				GCC_DYNAMIC_NO_PIC = NO;
				GCC_OPTIMIZATION_LEVEL = 0;
				GCC_PREPROCESSOR_DEFINITIONS = (
					"DEBUG=1",
					"$(inherited)",
				);
				GCC_SYMBOLS_PRIVATE_EXTERN = NO;
				GCC_WARN_ABOUT_RETURN_TYPE = YES_ERROR;
				GCC_WARN_UNDECLARED_SELECTOR = YES;
				GCC_WARN_UNINITIALIZED_AUTOS = YES;
				GCC_WARN_UNUSED_FUNCTION = YES;
				GCC_WARN_UNUSED_VARIABLE = YES;
				IPHONEOS_DEPLOYMENT_TARGET = 7.0;
				ONLY_ACTIVE_ARCH = YES;
				SDKROOT = iphoneos;
			};
			name = Debug;
		};
		5339DCD317FB25EC000AC456 /* Release */ = {
			isa = XCBuildConfiguration;
			buildSettings = {
				ALWAYS_SEARCH_USER_PATHS = NO;
				CLANG_CXX_LANGUAGE_STANDARD = "gnu++0x";
				CLANG_CXX_LIBRARY = "libc++";
				CLANG_ENABLE_MODULES = YES;
				CLANG_ENABLE_OBJC_ARC = YES;
				CLANG_WARN_BOOL_CONVERSION = YES;
				CLANG_WARN_CONSTANT_CONVERSION = YES;
				CLANG_WARN_DIRECT_OBJC_ISA_USAGE = YES_ERROR;
				CLANG_WARN_EMPTY_BODY = YES;
				CLANG_WARN_ENUM_CONVERSION = YES;
				CLANG_WARN_INT_CONVERSION = YES;
				CLANG_WARN_OBJC_ROOT_CLASS = YES_ERROR;
				CLANG_WARN__DUPLICATE_METHOD_MATCH = YES;
				"CODE_SIGN_IDENTITY[sdk=iphoneos*]" = "iPhone Developer";
				COPY_PHASE_STRIP = YES;
				ENABLE_NS_ASSERTIONS = NO;
				GCC_C_LANGUAGE_STANDARD = gnu99;
				GCC_WARN_ABOUT_RETURN_TYPE = YES_ERROR;
				GCC_WARN_UNDECLARED_SELECTOR = YES;
				GCC_WARN_UNINITIALIZED_AUTOS = YES;
				GCC_WARN_UNUSED_FUNCTION = YES;
				GCC_WARN_UNUSED_VARIABLE = YES;
				IPHONEOS_DEPLOYMENT_TARGET = 7.0;
				SDKROOT = iphoneos;
				VALIDATE_PRODUCT = YES;
			};
			name = Release;
		};
		5339DCD517FB25EC000AC456 /* Debug */ = {
			isa = XCBuildConfiguration;
			buildSettings = {
				ASSETCATALOG_COMPILER_APPICON_NAME = AppIcon;
				ASSETCATALOG_COMPILER_LAUNCHIMAGE_NAME = LaunchImage;
				GCC_PRECOMPILE_PREFIX_HEADER = YES;
				GCC_PREFIX_HEADER = "OnOffButton/OnOffButton-Prefix.pch";
				INFOPLIST_FILE = "OnOffButton/OnOffButton-Info.plist";
				PRODUCT_NAME = "$(TARGET_NAME)";
				WRAPPER_EXTENSION = app;
			};
			name = Debug;
		};
		5339DCD617FB25EC000AC456 /* Release */ = {
			isa = XCBuildConfiguration;
			buildSettings = {
				ASSETCATALOG_COMPILER_APPICON_NAME = AppIcon;
				ASSETCATALOG_COMPILER_LAUNCHIMAGE_NAME = LaunchImage;
				GCC_PRECOMPILE_PREFIX_HEADER = YES;
				GCC_PREFIX_HEADER = "OnOffButton/OnOffButton-Prefix.pch";
				INFOPLIST_FILE = "OnOffButton/OnOffButton-Info.plist";
				PRODUCT_NAME = "$(TARGET_NAME)";
				WRAPPER_EXTENSION = app;
			};
			name = Release;
		};
		5339DCD817FB25EC000AC456 /* Debug */ = {
			isa = XCBuildConfiguration;
			buildSettings = {
				BUNDLE_LOADER = "$(BUILT_PRODUCTS_DIR)/OnOffButton.app/OnOffButton";
				FRAMEWORK_SEARCH_PATHS = (
					"$(SDKROOT)/Developer/Library/Frameworks",
					"$(inherited)",
					"$(DEVELOPER_FRAMEWORKS_DIR)",
				);
				GCC_PRECOMPILE_PREFIX_HEADER = YES;
				GCC_PREFIX_HEADER = "OnOffButton/OnOffButton-Prefix.pch";
				GCC_PREPROCESSOR_DEFINITIONS = (
					"DEBUG=1",
					"$(inherited)",
				);
				INFOPLIST_FILE = "OnOffButtonTests/OnOffButtonTests-Info.plist";
				PRODUCT_NAME = "$(TARGET_NAME)";
				TEST_HOST = "$(BUNDLE_LOADER)";
				WRAPPER_EXTENSION = xctest;
			};
			name = Debug;
		};
		5339DCD917FB25EC000AC456 /* Release */ = {
			isa = XCBuildConfiguration;
			buildSettings = {
				BUNDLE_LOADER = "$(BUILT_PRODUCTS_DIR)/OnOffButton.app/OnOffButton";
				FRAMEWORK_SEARCH_PATHS = (
					"$(SDKROOT)/Developer/Library/Frameworks",
					"$(inherited)",
					"$(DEVELOPER_FRAMEWORKS_DIR)",
				);
				GCC_PRECOMPILE_PREFIX_HEADER = YES;
				GCC_PREFIX_HEADER = "OnOffButton/OnOffButton-Prefix.pch";
				INFOPLIST_FILE = "OnOffButtonTests/OnOffButtonTests-Info.plist";
				PRODUCT_NAME = "$(TARGET_NAME)";
				TEST_HOST = "$(BUNDLE_LOADER)";
				WRAPPER_EXTENSION = xctest;
			};
			name = Release;
		};
/* End XCBuildConfiguration section */

/* Begin XCConfigurationList section */
		5339DC9D17FB25EC000AC456 /* Build configuration list for PBXProject "OnOffButton" */ = {
			isa = XCConfigurationList;
			buildConfigurations = (
				5339DCD217FB25EC000AC456 /* Debug */,
				5339DCD317FB25EC000AC456 /* Release */,
			);
			defaultConfigurationIsVisible = 0;
			defaultConfigurationName = Release;
		};
		5339DCD417FB25EC000AC456 /* Build configuration list for PBXNativeTarget "OnOffButton" */ = {
			isa = XCConfigurationList;
			buildConfigurations = (
				5339DCD517FB25EC000AC456 /* Debug */,
				5339DCD617FB25EC000AC456 /* Release */,
			);
			defaultConfigurationIsVisible = 0;
		};
		5339DCD717FB25EC000AC456 /* Build configuration list for PBXNativeTarget "OnOffButtonTests" */ = {
			isa = XCConfigurationList;
			buildConfigurations = (
				5339DCD817FB25EC000AC456 /* Debug */,
				5339DCD917FB25EC000AC456 /* Release */,
			);
			defaultConfigurationIsVisible = 0;
		};
/* End XCConfigurationList section */
	};
	rootObject = 5339DC9A17FB25EC000AC456 /* Project object */;
}
